
Microsoft Visual Studio Solution File, Format Version 12.00
# Visual Studio Version 17
VisualStudioVersion = 17.13.35818.85
MinimumVisualStudioVersion = 10.0.40219.1
Project("{FAE04EC0-301F-11D3-BF4B-00C04F79EFBC}") = "QuanlyPhongKham1", "QuanlyPhongKham1\QuanlyPhongKham1.csproj", "{EE57BF96-F7A7-421E-AF7F-C3F23B034F93}"
EndProject
Global
	GlobalSection(SolutionConfigurationPlatforms) = preSolution
		Debug|Any CPU = Debug|Any CPU
		Release|Any CPU = Release|Any CPU
	EndGlobalSection
	GlobalSection(ProjectConfigurationPlatforms) = postSolution
		{EE57BF96-F7A7-421E-AF7F-C3F23B034F93}.Debug|Any CPU.ActiveCfg = Debug|Any CPU
		{EE57BF96-F7A7-421E-AF7F-C3F23B034F93}.Debug|Any CPU.Build.0 = Debug|Any CPU
		{EE57BF96-F7A7-421E-AF7F-C3F23B034F93}.Release|Any CPU.ActiveCfg = Release|Any CPU
		{EE57BF96-F7A7-421E-AF7F-C3F23B034F93}.Release|Any CPU.Build.0 = Release|Any CPU
	EndGlobalSection
	GlobalSection(SolutionProperties) = preSolution
		HideSolutionNode = FALSE
	EndGlobalSection
	GlobalSection(ExtensibilityGlobals) = postSolution
		SolutionGuid = {7280D727-D6FA-4236-8BBD-84E9B173891D}
	EndGlobalSection
EndGlobal
